
Microsoft Visual Studio Solution File, Format Version 12.00
# Visual Studio 15
VisualStudioVersion = 15.0.27703.2042
MinimumVisualStudioVersion = 10.0.40219.1
Project("{9A19103F-16F7-4668-BE54-9A1E7A4F7556}") = "FoodDeliveryBot", "FoodDeliveryBot\FoodDeliveryBot.csproj", "{3C6FC976-E12B-4CD7-862A-EB7A4EA0588C}"
EndProject
Global
	GlobalSection(SolutionConfigurationPlatforms) = preSolution
		Debug|Any CPU = Debug|Any CPU
		Release|Any CPU = Release|Any CPU
	EndGlobalSection
	GlobalSection(ProjectConfigurationPlatforms) = postSolution
		{3C6FC976-E12B-4CD7-862A-EB7A4EA0588C}.Debug|Any CPU.ActiveCfg = Debug|Any CPU
		{3C6FC976-E12B-4CD7-862A-EB7A4EA0588C}.Debug|Any CPU.Build.0 = Debug|Any CPU
		{3C6FC976-E12B-4CD7-862A-EB7A4EA0588C}.Release|Any CPU.ActiveCfg = Release|Any CPU
		{3C6FC976-E12B-4CD7-862A-EB7A4EA0588C}.Release|Any CPU.Build.0 = Release|Any CPU
	EndGlobalSection
	GlobalSection(SolutionProperties) = preSolution
		HideSolutionNode = FALSE
	EndGlobalSection
	GlobalSection(ExtensibilityGlobals) = postSolution
		SolutionGuid = {602F7E16-362F-4D01-83F6-87D7828EE8B0}
	EndGlobalSection
EndGlobal
